
Microsoft Visual Studio Solution File, Format Version 12.00
# Visual Studio Version 16
VisualStudioVersion = 16.0.31205.134
MinimumVisualStudioVersion = 10.0.40219.1
Project("{9A19103F-16F7-4668-BE54-9A1E7A4F7556}") = "Blazor-qiita-login", "Blazor-qiita-login\Blazor-qiita-login.csproj", "{D5D01625-103E-4612-92FD-32E20DA9BF1D}"
EndProject
Global
	GlobalSection(SolutionConfigurationPlatforms) = preSolution
		Debug|Any CPU = Debug|Any CPU
		Release|Any CPU = Release|Any CPU
	EndGlobalSection
	GlobalSection(ProjectConfigurationPlatforms) = postSolution
		{D5D01625-103E-4612-92FD-32E20DA9BF1D}.Debug|Any CPU.ActiveCfg = Debug|Any CPU
		{D5D01625-103E-4612-92FD-32E20DA9BF1D}.Debug|Any CPU.Build.0 = Debug|Any CPU
		{D5D01625-103E-4612-92FD-32E20DA9BF1D}.Release|Any CPU.ActiveCfg = Release|Any CPU
		{D5D01625-103E-4612-92FD-32E20DA9BF1D}.Release|Any CPU.Build.0 = Release|Any CPU
	EndGlobalSection
	GlobalSection(SolutionProperties) = preSolution
		HideSolutionNode = FALSE
	EndGlobalSection
	GlobalSection(ExtensibilityGlobals) = postSolution
		SolutionGuid = {A8EDCA62-1BF3-42B0-B772-384C4DF06105}
	EndGlobalSection
EndGlobal
